
Microsoft Visual Studio Solution File, Format Version 12.00
# Visual Studio Version 17
VisualStudioVersion = 17.1.32328.378
MinimumVisualStudioVersion = 10.0.40219.1
Project("{FAE04EC0-301F-11D3-BF4B-00C04F79EFBC}") = "MindboxTestTask", "MindboxTestTask\MindboxTestTask.csproj", "{A06609EE-09C1-4CF5-98A7-2AE7F0BF02C4}"
EndProject
Project("{FAE04EC0-301F-11D3-BF4B-00C04F79EFBC}") = "MyLib", "MyLib\MyLib.csproj", "{CAACB75C-33A1-466B-A095-17E8DD1DCF05}"
EndProject
Project("{FAE04EC0-301F-11D3-BF4B-00C04F79EFBC}") = "MyLibTests", "MyLibTests\MyLibTests.csproj", "{E4DD724F-2953-4B38-8181-E995A74F373C}"
EndProject
Project("{2150E333-8FDC-42A3-9474-1A3956D46DE8}") = "SQL_task", "SQL_task", "{E414A2A9-2949-4CCB-A46E-3EAE8071CA1E}"
	ProjectSection(SolutionItems) = preProject
		SqlQuery.sql = SqlQuery.sql
	EndProjectSection
EndProject
Global
	GlobalSection(SolutionConfigurationPlatforms) = preSolution
		Debug|Any CPU = Debug|Any CPU
		Release|Any CPU = Release|Any CPU
	EndGlobalSection
	GlobalSection(ProjectConfigurationPlatforms) = postSolution
		{A06609EE-09C1-4CF5-98A7-2AE7F0BF02C4}.Debug|Any CPU.ActiveCfg = Debug|Any CPU
		{A06609EE-09C1-4CF5-98A7-2AE7F0BF02C4}.Debug|Any CPU.Build.0 = Debug|Any CPU
		{A06609EE-09C1-4CF5-98A7-2AE7F0BF02C4}.Release|Any CPU.ActiveCfg = Release|Any CPU
		{A06609EE-09C1-4CF5-98A7-2AE7F0BF02C4}.Release|Any CPU.Build.0 = Release|Any CPU
		{CAACB75C-33A1-466B-A095-17E8DD1DCF05}.Debug|Any CPU.ActiveCfg = Debug|Any CPU
		{CAACB75C-33A1-466B-A095-17E8DD1DCF05}.Debug|Any CPU.Build.0 = Debug|Any CPU
		{CAACB75C-33A1-466B-A095-17E8DD1DCF05}.Release|Any CPU.ActiveCfg = Release|Any CPU
		{CAACB75C-33A1-466B-A095-17E8DD1DCF05}.Release|Any CPU.Build.0 = Release|Any CPU
		{E4DD724F-2953-4B38-8181-E995A74F373C}.Debug|Any CPU.ActiveCfg = Debug|Any CPU
		{E4DD724F-2953-4B38-8181-E995A74F373C}.Debug|Any CPU.Build.0 = Debug|Any CPU
		{E4DD724F-2953-4B38-8181-E995A74F373C}.Release|Any CPU.ActiveCfg = Release|Any CPU
		{E4DD724F-2953-4B38-8181-E995A74F373C}.Release|Any CPU.Build.0 = Release|Any CPU
	EndGlobalSection
	GlobalSection(SolutionProperties) = preSolution
		HideSolutionNode = FALSE
	EndGlobalSection
	GlobalSection(ExtensibilityGlobals) = postSolution
		SolutionGuid = {6729B1FA-2CB3-46D9-BF86-98729971C42F}
	EndGlobalSection
EndGlobal
